# This file was autogenerated by Stack.
# You should not edit this file by hand.
# For more information, please see the documentation at:
#   https://docs.haskellstack.org/en/stable/lock_files

packages: []
snapshots:
- completed:
    size: 495168
    url: https://raw.githubusercontent.com/commercialhaskell/stackage-snapshots/master/lts/13/8.yaml
    sha256: 135148fabd6a95ddc3f207e7c0aa99b375314e1d48a37b870b2b16dd6506c552
  original: lts-13.8
- completed:
    compiler: ghc-8.6.3
  original:
    compiler: ghc-8.6.3
