# This file was autogenerated by Stack.
# You should not edit this file by hand.
# For more information, please see the documentation at:
#   https://docs.haskellstack.org/en/stable/lock_files

packages: []
snapshots:
- completed:
    size: 504771
    url: https://raw.githubusercontent.com/commercialhaskell/stackage-snapshots/master/lts/12/14.yaml
    sha256: 3cbd6c83316dd5e2bbc756dc7a2a4e31a31859c3f8b5c720efb6850b08e42649
  original: lts-12.14
