# This file was autogenerated by Stack.
# You should not edit this file by hand.
# For more information, please see the documentation at:
#   https://docs.haskellstack.org/en/stable/lock_files

packages: []
snapshots:
- completed:
    size: 485383
    url: https://raw.githubusercontent.com/commercialhaskell/stackage-snapshots/master/lts/8/5.yaml
    sha256: ce27580e6a281a871f8c9e6aea1b79c176232206d5c182623b02b160f19527b4
  original: lts-8.5
