# This file was autogenerated by Stack.
# You should not edit this file by hand.
# For more information, please see the documentation at:
#   https://docs.haskellstack.org/en/stable/lock_files

packages: []
snapshots:
- completed:
    size: 285839
    url: https://raw.githubusercontent.com/commercialhaskell/stackage-snapshots/master/lts/3/22.yaml
    sha256: 2dbef28cadb2ba699f34699506150cc9f231278bf8791ff6d80cb00800128d3a
  original: lts-3.22
