# This file was autogenerated by Stack.
# You should not edit this file by hand.
# For more information, please see the documentation at:
#   https://docs.haskellstack.org/en/stable/lock_files

packages: []
snapshots:
- completed:
    size: 359373
    url: https://raw.githubusercontent.com/commercialhaskell/stackage-snapshots/master/lts/4/2.yaml
    sha256: f13bfe53f1f9fe18d4b7e769ed0af2c666dc553b430cdd1b563e1ae0c25b2755
  original: lts-4.2
