# This file was autogenerated by Stack.
# You should not edit this file by hand.
# For more information, please see the documentation at:
#   https://docs.haskellstack.org/en/stable/lock_files

packages: []
snapshots:
- completed:
    size: 504292
    url: https://raw.githubusercontent.com/commercialhaskell/stackage-snapshots/master/lts/7/24.yaml
    sha256: 06475226ae77d200ef106e999bfb280cb658f1ebb166b56f6f579890aab66942
  original: lts-7.24
