# This file was autogenerated by Stack.
# You should not edit this file by hand.
# For more information, please see the documentation at:
#   https://docs.haskellstack.org/en/stable/lock_files

packages: []
snapshots:
- completed:
    size: 428787
    url: https://raw.githubusercontent.com/commercialhaskell/stackage-snapshots/master/lts/6/35.yaml
    sha256: f2ce58e96ad78750c355afc8fcd0bfbd06c8e1381050c59bc5c934577ebef872
  original: lts-6.35
