# This file was autogenerated by Stack.
# You should not edit this file by hand.
# For more information, please see the documentation at:
#   https://docs.haskellstack.org/en/stable/lock_files

packages: []
snapshots:
- completed:
    size: 375241
    url: https://raw.githubusercontent.com/commercialhaskell/stackage-snapshots/master/lts/5/18.yaml
    sha256: 897d1f28ccc0abed3fceacd44a643fb2b51808c68df8639b88592bda7e6c047b
  original: lts-5.18
