# This file was autogenerated by Stack.
# You should not edit this file by hand.
# For more information, please see the documentation at:
#   https://docs.haskellstack.org/en/stable/lock_files

packages: []
snapshots:
- completed:
    size: 529134
    url: https://raw.githubusercontent.com/commercialhaskell/stackage-snapshots/master/nightly/2019/9/21.yaml
    sha256: 1fb0ce1b3aab70f7b5147dc7b4abb8b1376d89e6991b78b977999be81e4c7912
  original: nightly-2019-09-21
